
Microsoft Visual Studio Solution File, Format Version 12.00
# Visual Studio 15
VisualStudioVersion = 15.0.27004.2009
MinimumVisualStudioVersion = 10.0.40219.1
Project("{FAE04EC0-301F-11D3-BF4B-00C04F79EFBC}") = "DynamicFundamentals", "DynamicFundamentals\DynamicFundamentals.csproj", "{33EB16FF-9D82-4565-A5CC-18A98AD0ECD7}"
EndProject
Global
	GlobalSection(SolutionConfigurationPlatforms) = preSolution
		Debug|Any CPU = Debug|Any CPU
		Release|Any CPU = Release|Any CPU
	EndGlobalSection
	GlobalSection(ProjectConfigurationPlatforms) = postSolution
		{33EB16FF-9D82-4565-A5CC-18A98AD0ECD7}.Debug|Any CPU.ActiveCfg = Debug|Any CPU
		{33EB16FF-9D82-4565-A5CC-18A98AD0ECD7}.Debug|Any CPU.Build.0 = Debug|Any CPU
		{33EB16FF-9D82-4565-A5CC-18A98AD0ECD7}.Release|Any CPU.ActiveCfg = Release|Any CPU
		{33EB16FF-9D82-4565-A5CC-18A98AD0ECD7}.Release|Any CPU.Build.0 = Release|Any CPU
	EndGlobalSection
	GlobalSection(SolutionProperties) = preSolution
		HideSolutionNode = FALSE
	EndGlobalSection
	GlobalSection(ExtensibilityGlobals) = postSolution
		SolutionGuid = {DB9F3FB4-F499-46E6-A310-FB8E990EF6F0}
	EndGlobalSection
EndGlobal
